
Microsoft Visual Studio Solution File, Format Version 12.00
# Visual Studio Version 17
VisualStudioVersion = 17.11.35312.102
MinimumVisualStudioVersion = 10.0.40219.1
Project("{FAE04EC0-301F-11D3-BF4B-00C04F79EFBC}") = "Bilheteria", "Bilheteria\Bilheteria.csproj", "{DFC70C63-88CF-46FE-947A-5BFB4045CD71}"
EndProject
Global
	GlobalSection(SolutionConfigurationPlatforms) = preSolution
		Debug|Any CPU = Debug|Any CPU
		Release|Any CPU = Release|Any CPU
	EndGlobalSection
	GlobalSection(ProjectConfigurationPlatforms) = postSolution
		{DFC70C63-88CF-46FE-947A-5BFB4045CD71}.Debug|Any CPU.ActiveCfg = Debug|Any CPU
		{DFC70C63-88CF-46FE-947A-5BFB4045CD71}.Debug|Any CPU.Build.0 = Debug|Any CPU
		{DFC70C63-88CF-46FE-947A-5BFB4045CD71}.Release|Any CPU.ActiveCfg = Release|Any CPU
		{DFC70C63-88CF-46FE-947A-5BFB4045CD71}.Release|Any CPU.Build.0 = Release|Any CPU
	EndGlobalSection
	GlobalSection(SolutionProperties) = preSolution
		HideSolutionNode = FALSE
	EndGlobalSection
	GlobalSection(ExtensibilityGlobals) = postSolution
		SolutionGuid = {28CC701B-8F06-45D9-A4F2-C2736B5E0BB1}
	EndGlobalSection
EndGlobal
